// !$*UTF8*$!
{
	archiveVersion = 1;
	classes = {
	};
	objectVersion = 55;
	objects = {

/* Begin PBXBuildFile section */
		522FFDA7279D3F0B0069CE13 /* FlipFlapApp.swift in Sources */ = {isa = PBXBuildFile; fileRef = 522FFDA6279D3F0B0069CE13 /* FlipFlapApp.swift */; };
		522FFDA9279D3F0B0069CE13 /* ContentView.swift in Sources */ = {isa = PBXBuildFile; fileRef = 522FFDA8279D3F0B0069CE13 /* ContentView.swift */; };
		522FFDAB279D3F0C0069CE13 /* Assets.xcassets in Resources */ = {isa = PBXBuildFile; fileRef = 522FFDAA279D3F0C0069CE13 /* Assets.xcassets */; };
		522FFDAE279D3F0C0069CE13 /* Preview Assets.xcassets in Resources */ = {isa = PBXBuildFile; fileRef = 522FFDAD279D3F0C0069CE13 /* Preview Assets.xcassets */; };
		522FFDB8279D3F0D0069CE13 /* FlipFlapTests.swift in Sources */ = {isa = PBXBuildFile; fileRef = 522FFDB7279D3F0D0069CE13 /* FlipFlapTests.swift */; };
		522FFDC2279D3F0D0069CE13 /* FlipFlapUITests.swift in Sources */ = {isa = PBXBuildFile; fileRef = 522FFDC1279D3F0D0069CE13 /* FlipFlapUITests.swift */; };
		522FFDC4279D3F0D0069CE13 /* FlipFlapUITestsLaunchTests.swift in Sources */ = {isa = PBXBuildFile; fileRef = 522FFDC3279D3F0D0069CE13 /* FlipFlapUITestsLaunchTests.swift */; };
/* End PBXBuildFile section */

/* Begin PBXContainerItemProxy section */
		522FFDB4279D3F0D0069CE13 /* PBXContainerItemProxy */ = {
			isa = PBXContainerItemProxy;
			containerPortal = 522FFD9B279D3F0B0069CE13 /* Project object */;
			proxyType = 1;
			remoteGlobalIDString = 522FFDA2279D3F0B0069CE13;
			remoteInfo = FlipFlap;
		};
		522FFDBE279D3F0D0069CE13 /* PBXContainerItemProxy */ = {
			isa = PBXContainerItemProxy;
			containerPortal = 522FFD9B279D3F0B0069CE13 /* Project object */;
			proxyType = 1;
			remoteGlobalIDString = 522FFDA2279D3F0B0069CE13;
			remoteInfo = FlipFlap;
		};
/* End PBXContainerItemProxy section */

/* Begin PBXFileReference section */
		522FFDA3279D3F0B0069CE13 /* FlipFlap.app */ = {isa = PBXFileReference; explicitFileType = wrapper.application; includeInIndex = 0; path = FlipFlap.app; sourceTree = BUILT_PRODUCTS_DIR; };
		522FFDA6279D3F0B0069CE13 /* FlipFlapApp.swift */ = {isa = PBXFileReference; lastKnownFileType = sourcecode.swift; path = FlipFlapApp.swift; sourceTree = "<group>"; };
		522FFDA8279D3F0B0069CE13 /* ContentView.swift */ = {isa = PBXFileReference; lastKnownFileType = sourcecode.swift; path = ContentView.swift; sourceTree = "<group>"; };
		522FFDAA279D3F0C0069CE13 /* Assets.xcassets */ = {isa = PBXFileReference; lastKnownFileType = folder.assetcatalog; path = Assets.xcassets; sourceTree = "<group>"; };
		522FFDAD279D3F0C0069CE13 /* Preview Assets.xcassets */ = {isa = PBXFileReference; lastKnownFileType = folder.assetcatalog; path = "Preview Assets.xcassets"; sourceTree = "<group>"; };
		522FFDB3279D3F0D0069CE13 /* FlipFlapTests.xctest */ = {isa = PBXFileReference; explicitFileType = wrapper.cfbundle; includeInIndex = 0; path = FlipFlapTests.xctest; sourceTree = BUILT_PRODUCTS_DIR; };
		522FFDB7279D3F0D0069CE13 /* FlipFlapTests.swift */ = {isa = PBXFileReference; lastKnownFileType = sourcecode.swift; path = FlipFlapTests.swift; sourceTree = "<group>"; };
		522FFDBD279D3F0D0069CE13 /* FlipFlapUITests.xctest */ = {isa = PBXFileReference; explicitFileType = wrapper.cfbundle; includeInIndex = 0; path = FlipFlapUITests.xctest; sourceTree = BUILT_PRODUCTS_DIR; };
		522FFDC1279D3F0D0069CE13 /* FlipFlapUITests.swift */ = {isa = PBXFileReference; lastKnownFileType = sourcecode.swift; path = FlipFlapUITests.swift; sourceTree = "<group>"; };
		522FFDC3279D3F0D0069CE13 /* FlipFlapUITestsLaunchTests.swift */ = {isa = PBXFileReference; lastKnownFileType = sourcecode.swift; path = FlipFlapUITestsLaunchTests.swift; sourceTree = "<group>"; };
/* End PBXFileReference section */

/* Begin PBXFrameworksBuildPhase section */
		522FFDA0279D3F0B0069CE13 /* Frameworks */ = {
			isa = PBXFrameworksBuildPhase;
			buildActionMask = 2147483647;
			files = (
			);
			runOnlyForDeploymentPostprocessing = 0;
		};
		522FFDB0279D3F0D0069CE13 /* Frameworks */ = {
			isa = PBXFrameworksBuildPhase;
			buildActionMask = 2147483647;
			files = (
			);
			runOnlyForDeploymentPostprocessing = 0;
		};
		522FFDBA279D3F0D0069CE13 /* Frameworks */ = {
			isa = PBXFrameworksBuildPhase;
			buildActionMask = 2147483647;
			files = (
			);
			runOnlyForDeploymentPostprocessing = 0;
		};
/* End PBXFrameworksBuildPhase section */

/* Begin PBXGroup section */
		522FFD9A279D3F0B0069CE13 = {
			isa = PBXGroup;
			children = (
				522FFDA5279D3F0B0069CE13 /* FlipFlap */,
				522FFDB6279D3F0D0069CE13 /* FlipFlapTests */,
				522FFDC0279D3F0D0069CE13 /* FlipFlapUITests */,
				522FFDA4279D3F0B0069CE13 /* Products */,
			);
			sourceTree = "<group>";
		};
		522FFDA4279D3F0B0069CE13 /* Products */ = {
			isa = PBXGroup;
			children = (
				522FFDA3279D3F0B0069CE13 /* FlipFlap.app */,
				522FFDB3279D3F0D0069CE13 /* FlipFlapTests.xctest */,
				522FFDBD279D3F0D0069CE13 /* FlipFlapUITests.xctest */,
			);
			name = Products;
			sourceTree = "<group>";
		};
		522FFDA5279D3F0B0069CE13 /* FlipFlap */ = {
			isa = PBXGroup;
			children = (
				522FFDA6279D3F0B0069CE13 /* FlipFlapApp.swift */,
				522FFDA8279D3F0B0069CE13 /* ContentView.swift */,
				522FFDAA279D3F0C0069CE13 /* Assets.xcassets */,
				522FFDAC279D3F0C0069CE13 /* Preview Content */,
			);
			path = FlipFlap;
			sourceTree = "<group>";
		};
		522FFDAC279D3F0C0069CE13 /* Preview Content */ = {
			isa = PBXGroup;
			children = (
				522FFDAD279D3F0C0069CE13 /* Preview Assets.xcassets */,
			);
			path = "Preview Content";
			sourceTree = "<group>";
		};
		522FFDB6279D3F0D0069CE13 /* FlipFlapTests */ = {
			isa = PBXGroup;
			children = (
				522FFDB7279D3F0D0069CE13 /* FlipFlapTests.swift */,
			);
			path = FlipFlapTests;
			sourceTree = "<group>";
		};
		522FFDC0279D3F0D0069CE13 /* FlipFlapUITests */ = {
			isa = PBXGroup;
			children = (
				522FFDC1279D3F0D0069CE13 /* FlipFlapUITests.swift */,
				522FFDC3279D3F0D0069CE13 /* FlipFlapUITestsLaunchTests.swift */,
			);
			path = FlipFlapUITests;
			sourceTree = "<group>";
		};
/* End PBXGroup section */

/* Begin PBXNativeTarget section */
		522FFDA2279D3F0B0069CE13 /* FlipFlap */ = {
			isa = PBXNativeTarget;
			buildConfigurationList = 522FFDC7279D3F0D0069CE13 /* Build configuration list for PBXNativeTarget "FlipFlap" */;
			buildPhases = (
				522FFD9F279D3F0B0069CE13 /* Sources */,
				522FFDA0279D3F0B0069CE13 /* Frameworks */,
				522FFDA1279D3F0B0069CE13 /* Resources */,
			);
			buildRules = (
			);
			dependencies = (
			);
			name = FlipFlap;
			productName = FlipFlap;
			productReference = 522FFDA3279D3F0B0069CE13 /* FlipFlap.app */;
			productType = "com.apple.product-type.application";
		};
		522FFDB2279D3F0D0069CE13 /* FlipFlapTests */ = {
			isa = PBXNativeTarget;
			buildConfigurationList = 522FFDCA279D3F0D0069CE13 /* Build configuration list for PBXNativeTarget "FlipFlapTests" */;
			buildPhases = (
				522FFDAF279D3F0D0069CE13 /* Sources */,
				522FFDB0279D3F0D0069CE13 /* Frameworks */,
				522FFDB1279D3F0D0069CE13 /* Resources */,
			);
			buildRules = (
			);
			dependencies = (
				522FFDB5279D3F0D0069CE13 /* PBXTargetDependency */,
			);
			name = FlipFlapTests;
			productName = FlipFlapTests;
			productReference = 522FFDB3279D3F0D0069CE13 /* FlipFlapTests.xctest */;
			productType = "com.apple.product-type.bundle.unit-test";
		};
		522FFDBC279D3F0D0069CE13 /* FlipFlapUITests */ = {
			isa = PBXNativeTarget;
			buildConfigurationList = 522FFDCD279D3F0D0069CE13 /* Build configuration list for PBXNativeTarget "FlipFlapUITests" */;
			buildPhases = (
				522FFDB9279D3F0D0069CE13 /* Sources */,
				522FFDBA279D3F0D0069CE13 /* Frameworks */,
				522FFDBB279D3F0D0069CE13 /* Resources */,
			);
			buildRules = (
			);
			dependencies = (
				522FFDBF279D3F0D0069CE13 /* PBXTargetDependency */,
			);
			name = FlipFlapUITests;
			productName = FlipFlapUITests;
			productReference = 522FFDBD279D3F0D0069CE13 /* FlipFlapUITests.xctest */;
			productType = "com.apple.product-type.bundle.ui-testing";
		};
/* End PBXNativeTarget section */

/* Begin PBXProject section */
		522FFD9B279D3F0B0069CE13 /* Project object */ = {
			isa = PBXProject;
			attributes = {
				BuildIndependentTargetsInParallel = 1;
				LastSwiftUpdateCheck = 1310;
				LastUpgradeCheck = 1310;
				TargetAttributes = {
					522FFDA2279D3F0B0069CE13 = {
						CreatedOnToolsVersion = 13.1;
					};
					522FFDB2279D3F0D0069CE13 = {
						CreatedOnToolsVersion = 13.1;
						TestTargetID = 522FFDA2279D3F0B0069CE13;
					};
					522FFDBC279D3F0D0069CE13 = {
						CreatedOnToolsVersion = 13.1;
						TestTargetID = 522FFDA2279D3F0B0069CE13;
					};
				};
			};
			buildConfigurationList = 522FFD9E279D3F0B0069CE13 /* Build configuration list for PBXProject "FlipFlap" */;
			compatibilityVersion = "Xcode 13.0";
			developmentRegion = en;
			hasScannedForEncodings = 0;
			knownRegions = (
				en,
				Base,
			);
			mainGroup = 522FFD9A279D3F0B0069CE13;
			productRefGroup = 522FFDA4279D3F0B0069CE13 /* Products */;
			projectDirPath = "";
			projectRoot = "";
			targets = (
				522FFDA2279D3F0B0069CE13 /* FlipFlap */,
				522FFDB2279D3F0D0069CE13 /* FlipFlapTests */,
				522FFDBC279D3F0D0069CE13 /* FlipFlapUITests */,
			);
		};
/* End PBXProject section */

/* Begin PBXResourcesBuildPhase section */
		522FFDA1279D3F0B0069CE13 /* Resources */ = {
			isa = PBXResourcesBuildPhase;
			buildActionMask = 2147483647;
			files = (
				522FFDAE279D3F0C0069CE13 /* Preview Assets.xcassets in Resources */,
				522FFDAB279D3F0C0069CE13 /* Assets.xcassets in Resources */,
			);
			runOnlyForDeploymentPostprocessing = 0;
		};
		522FFDB1279D3F0D0069CE13 /* Resources */ = {
			isa = PBXResourcesBuildPhase;
			buildActionMask = 2147483647;
			files = (
			);
			runOnlyForDeploymentPostprocessing = 0;
		};
		522FFDBB279D3F0D0069CE13 /* Resources */ = {
			isa = PBXResourcesBuildPhase;
			buildActionMask = 2147483647;
			files = (
			);
			runOnlyForDeploymentPostprocessing = 0;
		};
/* End PBXResourcesBuildPhase section */

/* Begin PBXSourcesBuildPhase section */
		522FFD9F279D3F0B0069CE13 /* Sources */ = {
			isa = PBXSourcesBuildPhase;
			buildActionMask = 2147483647;
			files = (
				522FFDA9279D3F0B0069CE13 /* ContentView.swift in Sources */,
				522FFDA7279D3F0B0069CE13 /* FlipFlapApp.swift in Sources */,
			);
			runOnlyForDeploymentPostprocessing = 0;
		};
		522FFDAF279D3F0D0069CE13 /* Sources */ = {
			isa = PBXSourcesBuildPhase;
			buildActionMask = 2147483647;
			files = (
				522FFDB8279D3F0D0069CE13 /* FlipFlapTests.swift in Sources */,
			);
			runOnlyForDeploymentPostprocessing = 0;
		};
		522FFDB9279D3F0D0069CE13 /* Sources */ = {
			isa = PBXSourcesBuildPhase;
			buildActionMask = 2147483647;
			files = (
				522FFDC4279D3F0D0069CE13 /* FlipFlapUITestsLaunchTests.swift in Sources */,
				522FFDC2279D3F0D0069CE13 /* FlipFlapUITests.swift in Sources */,
			);
			runOnlyForDeploymentPostprocessing = 0;
		};
/* End PBXSourcesBuildPhase section */

/* Begin PBXTargetDependency section */
		522FFDB5279D3F0D0069CE13 /* PBXTargetDependency */ = {
			isa = PBXTargetDependency;
			target = 522FFDA2279D3F0B0069CE13 /* FlipFlap */;
			targetProxy = 522FFDB4279D3F0D0069CE13 /* PBXContainerItemProxy */;
		};
		522FFDBF279D3F0D0069CE13 /* PBXTargetDependency */ = {
			isa = PBXTargetDependency;
			target = 522FFDA2279D3F0B0069CE13 /* FlipFlap */;
			targetProxy = 522FFDBE279D3F0D0069CE13 /* PBXContainerItemProxy */;
		};
/* End PBXTargetDependency section */

/* Begin XCBuildConfiguration section */
		522FFDC5279D3F0D0069CE13 /* Debug */ = {
			isa = XCBuildConfiguration;
			buildSettings = {
				ALWAYS_SEARCH_USER_PATHS = NO;
				CLANG_ANALYZER_NONNULL = YES;
				CLANG_ANALYZER_NUMBER_OBJECT_CONVERSION = YES_AGGRESSIVE;
				CLANG_CXX_LANGUAGE_STANDARD = "gnu++17";
				CLANG_CXX_LIBRARY = "libc++";
				CLANG_ENABLE_MODULES = YES;
				CLANG_ENABLE_OBJC_ARC = YES;
				CLANG_ENABLE_OBJC_WEAK = YES;
				CLANG_WARN_BLOCK_CAPTURE_AUTORELEASING = YES;
				CLANG_WARN_BOOL_CONVERSION = YES;
				CLANG_WARN_COMMA = YES;
				CLANG_WARN_CONSTANT_CONVERSION = YES;
				CLANG_WARN_DEPRECATED_OBJC_IMPLEMENTATIONS = YES;
				CLANG_WARN_DIRECT_OBJC_ISA_USAGE = YES_ERROR;
				CLANG_WARN_DOCUMENTATION_COMMENTS = YES;
				CLANG_WARN_EMPTY_BODY = YES;
				CLANG_WARN_ENUM_CONVERSION = YES;
				CLANG_WARN_INFINITE_RECURSION = YES;
				CLANG_WARN_INT_CONVERSION = YES;
				CLANG_WARN_NON_LITERAL_NULL_CONVERSION = YES;
				CLANG_WARN_OBJC_IMPLICIT_RETAIN_SELF = YES;
				CLANG_WARN_OBJC_LITERAL_CONVERSION = YES;
				CLANG_WARN_OBJC_ROOT_CLASS = YES_ERROR;
				CLANG_WARN_QUOTED_INCLUDE_IN_FRAMEWORK_HEADER = YES;
				CLANG_WARN_RANGE_LOOP_ANALYSIS = YES;
				CLANG_WARN_STRICT_PROTOTYPES = YES;
				CLANG_WARN_SUSPICIOUS_MOVE = YES;
				CLANG_WARN_UNGUARDED_AVAILABILITY = YES_AGGRESSIVE;
				CLANG_WARN_UNREACHABLE_CODE = YES;
				CLANG_WARN__DUPLICATE_METHOD_MATCH = YES;
				COPY_PHASE_STRIP = NO;
				DEBUG_INFORMATION_FORMAT = dwarf;
				ENABLE_STRICT_OBJC_MSGSEND = YES;
				ENABLE_TESTABILITY = YES;
				GCC_C_LANGUAGE_STANDARD = gnu11;
				GCC_DYNAMIC_NO_PIC = NO;
				GCC_NO_COMMON_BLOCKS = YES;
				GCC_OPTIMIZATION_LEVEL = 0;
				GCC_PREPROCESSOR_DEFINITIONS = (
					"DEBUG=1",
					"$(inherited)",
				);
				GCC_WARN_64_TO_32_BIT_CONVERSION = YES;
				GCC_WARN_ABOUT_RETURN_TYPE = YES_ERROR;
				GCC_WARN_UNDECLARED_SELECTOR = YES;
				GCC_WARN_UNINITIALIZED_AUTOS = YES_AGGRESSIVE;
				GCC_WARN_UNUSED_FUNCTION = YES;
				GCC_WARN_UNUSED_VARIABLE = YES;
				IPHONEOS_DEPLOYMENT_TARGET = 15.0;
				MTL_ENABLE_DEBUG_INFO = INCLUDE_SOURCE;
				MTL_FAST_MATH = YES;
				ONLY_ACTIVE_ARCH = YES;
				SDKROOT = iphoneos;
				SWIFT_ACTIVE_COMPILATION_CONDITIONS = DEBUG;
				SWIFT_OPTIMIZATION_LEVEL = "-Onone";
			};
			name = Debug;
		};
		522FFDC6279D3F0D0069CE13 /* Release */ = {
			isa = XCBuildConfiguration;
			buildSettings = {
				ALWAYS_SEARCH_USER_PATHS = NO;
				CLANG_ANALYZER_NONNULL = YES;
				CLANG_ANALYZER_NUMBER_OBJECT_CONVERSION = YES_AGGRESSIVE;
				CLANG_CXX_LANGUAGE_STANDARD = "gnu++17";
				CLANG_CXX_LIBRARY = "libc++";
				CLANG_ENABLE_MODULES = YES;
				CLANG_ENABLE_OBJC_ARC = YES;
				CLANG_ENABLE_OBJC_WEAK = YES;
				CLANG_WARN_BLOCK_CAPTURE_AUTORELEASING = YES;
				CLANG_WARN_BOOL_CONVERSION = YES;
				CLANG_WARN_COMMA = YES;
				CLANG_WARN_CONSTANT_CONVERSION = YES;
				CLANG_WARN_DEPRECATED_OBJC_IMPLEMENTATIONS = YES;
				CLANG_WARN_DIRECT_OBJC_ISA_USAGE = YES_ERROR;
				CLANG_WARN_DOCUMENTATION_COMMENTS = YES;
				CLANG_WARN_EMPTY_BODY = YES;
				CLANG_WARN_ENUM_CONVERSION = YES;
				CLANG_WARN_INFINITE_RECURSION = YES;
				CLANG_WARN_INT_CONVERSION = YES;
				CLANG_WARN_NON_LITERAL_NULL_CONVERSION = YES;
				CLANG_WARN_OBJC_IMPLICIT_RETAIN_SELF = YES;
				CLANG_WARN_OBJC_LITERAL_CONVERSION = YES;
				CLANG_WARN_OBJC_ROOT_CLASS = YES_ERROR;
				CLANG_WARN_QUOTED_INCLUDE_IN_FRAMEWORK_HEADER = YES;
				CLANG_WARN_RANGE_LOOP_ANALYSIS = YES;
				CLANG_WARN_STRICT_PROTOTYPES = YES;
				CLANG_WARN_SUSPICIOUS_MOVE = YES;
				CLANG_WARN_UNGUARDED_AVAILABILITY = YES_AGGRESSIVE;
				CLANG_WARN_UNREACHABLE_CODE = YES;
				CLANG_WARN__DUPLICATE_METHOD_MATCH = YES;
				COPY_PHASE_STRIP = NO;
				DEBUG_INFORMATION_FORMAT = "dwarf-with-dsym";
				ENABLE_NS_ASSERTIONS = NO;
				ENABLE_STRICT_OBJC_MSGSEND = YES;
				GCC_C_LANGUAGE_STANDARD = gnu11;
				GCC_NO_COMMON_BLOCKS = YES;
				GCC_WARN_64_TO_32_BIT_CONVERSION = YES;
				GCC_WARN_ABOUT_RETURN_TYPE = YES_ERROR;
				GCC_WARN_UNDECLARED_SELECTOR = YES;
				GCC_WARN_UNINITIALIZED_AUTOS = YES_AGGRESSIVE;
				GCC_WARN_UNUSED_FUNCTION = YES;
				GCC_WARN_UNUSED_VARIABLE = YES;
				IPHONEOS_DEPLOYMENT_TARGET = 15.0;
				MTL_ENABLE_DEBUG_INFO = NO;
				MTL_FAST_MATH = YES;
				SDKROOT = iphoneos;
				SWIFT_COMPILATION_MODE = wholemodule;
				SWIFT_OPTIMIZATION_LEVEL = "-O";
				VALIDATE_PRODUCT = YES;
			};
			name = Release;
		};
		522FFDC8279D3F0D0069CE13 /* Debug */ = {
			isa = XCBuildConfiguration;
			buildSettings = {
				ASSETCATALOG_COMPILER_APPICON_NAME = AppIcon;
				ASSETCATALOG_COMPILER_GLOBAL_ACCENT_COLOR_NAME = AccentColor;
				CODE_SIGN_STYLE = Automatic;
				CURRENT_PROJECT_VERSION = 1;
				DEVELOPMENT_ASSET_PATHS = "\"FlipFlap/Preview Content\"";
				DEVELOPMENT_TEAM = 6RM7SKRY5Z;
				ENABLE_PREVIEWS = YES;
				GENERATE_INFOPLIST_FILE = YES;
				INFOPLIST_KEY_UIApplicationSceneManifest_Generation = YES;
				INFOPLIST_KEY_UIApplicationSupportsIndirectInputEvents = YES;
				INFOPLIST_KEY_UILaunchScreen_Generation = YES;
				INFOPLIST_KEY_UISupportedInterfaceOrientations_iPad = "UIInterfaceOrientationPortrait UIInterfaceOrientationPortraitUpsideDown UIInterfaceOrientationLandscapeLeft UIInterfaceOrientationLandscapeRight";
				INFOPLIST_KEY_UISupportedInterfaceOrientations_iPhone = "UIInterfaceOrientationPortrait UIInterfaceOrientationLandscapeLeft UIInterfaceOrientationLandscapeRight";
				LD_RUNPATH_SEARCH_PATHS = (
					"$(inherited)",
					"@executable_path/Frameworks",
				);
				MARKETING_VERSION = 1.0;
				PRODUCT_BUNDLE_IDENTIFIER = com.edgarkosyan.FlipFlap;
				PRODUCT_NAME = "$(TARGET_NAME)";
				SWIFT_EMIT_LOC_STRINGS = YES;
				SWIFT_VERSION = 5.0;
				TARGETED_DEVICE_FAMILY = "1,2";
			};
			name = Debug;
		};
		522FFDC9279D3F0D0069CE13 /* Release */ = {
			isa = XCBuildConfiguration;
			buildSettings = {
				ASSETCATALOG_COMPILER_APPICON_NAME = AppIcon;
				ASSETCATALOG_COMPILER_GLOBAL_ACCENT_COLOR_NAME = AccentColor;
				CODE_SIGN_STYLE = Automatic;
				CURRENT_PROJECT_VERSION = 1;
				DEVELOPMENT_ASSET_PATHS = "\"FlipFlap/Preview Content\"";
				DEVELOPMENT_TEAM = 6RM7SKRY5Z;
				ENABLE_PREVIEWS = YES;
				GENERATE_INFOPLIST_FILE = YES;
				INFOPLIST_KEY_UIApplicationSceneManifest_Generation = YES;
				INFOPLIST_KEY_UIApplicationSupportsIndirectInputEvents = YES;
				INFOPLIST_KEY_UILaunchScreen_Generation = YES;
				INFOPLIST_KEY_UISupportedInterfaceOrientations_iPad = "UIInterfaceOrientationPortrait UIInterfaceOrientationPortraitUpsideDown UIInterfaceOrientationLandscapeLeft UIInterfaceOrientationLandscapeRight";
				INFOPLIST_KEY_UISupportedInterfaceOrientations_iPhone = "UIInterfaceOrientationPortrait UIInterfaceOrientationLandscapeLeft UIInterfaceOrientationLandscapeRight";
				LD_RUNPATH_SEARCH_PATHS = (
					"$(inherited)",
					"@executable_path/Frameworks",
				);
				MARKETING_VERSION = 1.0;
				PRODUCT_BUNDLE_IDENTIFIER = com.edgarkosyan.FlipFlap;
				PRODUCT_NAME = "$(TARGET_NAME)";
				SWIFT_EMIT_LOC_STRINGS = YES;
				SWIFT_VERSION = 5.0;
				TARGETED_DEVICE_FAMILY = "1,2";
			};
			name = Release;
		};
		522FFDCB279D3F0D0069CE13 /* Debug */ = {
			isa = XCBuildConfiguration;
			buildSettings = {
				ALWAYS_EMBED_SWIFT_STANDARD_LIBRARIES = YES;
				BUNDLE_LOADER = "$(TEST_HOST)";
				CODE_SIGN_STYLE = Automatic;
				CURRENT_PROJECT_VERSION = 1;
				DEVELOPMENT_TEAM = 6RM7SKRY5Z;
				GENERATE_INFOPLIST_FILE = YES;
				IPHONEOS_DEPLOYMENT_TARGET = 15.0;
				LD_RUNPATH_SEARCH_PATHS = (
					"$(inherited)",
					"@executable_path/Frameworks",
					"@loader_path/Frameworks",
				);
				MARKETING_VERSION = 1.0;
				PRODUCT_BUNDLE_IDENTIFIER = com.edgarkosyan.FlipFlapTests;
				PRODUCT_NAME = "$(TARGET_NAME)";
				SWIFT_EMIT_LOC_STRINGS = NO;
				SWIFT_VERSION = 5.0;
				TARGETED_DEVICE_FAMILY = "1,2";
				TEST_HOST = "$(BUILT_PRODUCTS_DIR)/FlipFlap.app/FlipFlap";
			};
			name = Debug;
		};
		522FFDCC279D3F0D0069CE13 /* Release */ = {
			isa = XCBuildConfiguration;
			buildSettings = {
				ALWAYS_EMBED_SWIFT_STANDARD_LIBRARIES = YES;
				BUNDLE_LOADER = "$(TEST_HOST)";
				CODE_SIGN_STYLE = Automatic;
				CURRENT_PROJECT_VERSION = 1;
				DEVELOPMENT_TEAM = 6RM7SKRY5Z;
				GENERATE_INFOPLIST_FILE = YES;
				IPHONEOS_DEPLOYMENT_TARGET = 15.0;
				LD_RUNPATH_SEARCH_PATHS = (
					"$(inherited)",
					"@executable_path/Frameworks",
					"@loader_path/Frameworks",
				);
				MARKETING_VERSION = 1.0;
				PRODUCT_BUNDLE_IDENTIFIER = com.edgarkosyan.FlipFlapTests;
				PRODUCT_NAME = "$(TARGET_NAME)";
				SWIFT_EMIT_LOC_STRINGS = NO;
				SWIFT_VERSION = 5.0;
				TARGETED_DEVICE_FAMILY = "1,2";
				TEST_HOST = "$(BUILT_PRODUCTS_DIR)/FlipFlap.app/FlipFlap";
			};
			name = Release;
		};
		522FFDCE279D3F0D0069CE13 /* Debug */ = {
			isa = XCBuildConfiguration;
			buildSettings = {
				ALWAYS_EMBED_SWIFT_STANDARD_LIBRARIES = YES;
				CODE_SIGN_STYLE = Automatic;
				CURRENT_PROJECT_VERSION = 1;
				DEVELOPMENT_TEAM = 6RM7SKRY5Z;
				GENERATE_INFOPLIST_FILE = YES;
				LD_RUNPATH_SEARCH_PATHS = (
					"$(inherited)",
					"@executable_path/Frameworks",
					"@loader_path/Frameworks",
				);
				MARKETING_VERSION = 1.0;
				PRODUCT_BUNDLE_IDENTIFIER = com.edgarkosyan.FlipFlapUITests;
				PRODUCT_NAME = "$(TARGET_NAME)";
				SWIFT_EMIT_LOC_STRINGS = NO;
				SWIFT_VERSION = 5.0;
				TARGETED_DEVICE_FAMILY = "1,2";
				TEST_TARGET_NAME = FlipFlap;
			};
			name = Debug;
		};
		522FFDCF279D3F0D0069CE13 /* Release */ = {
			isa = XCBuildConfiguration;
			buildSettings = {
				ALWAYS_EMBED_SWIFT_STANDARD_LIBRARIES = YES;
				CODE_SIGN_STYLE = Automatic;
				CURRENT_PROJECT_VERSION = 1;
				DEVELOPMENT_TEAM = 6RM7SKRY5Z;
				GENERATE_INFOPLIST_FILE = YES;
				LD_RUNPATH_SEARCH_PATHS = (
					"$(inherited)",
					"@executable_path/Frameworks",
					"@loader_path/Frameworks",
				);
				MARKETING_VERSION = 1.0;
				PRODUCT_BUNDLE_IDENTIFIER = com.edgarkosyan.FlipFlapUITests;
				PRODUCT_NAME = "$(TARGET_NAME)";
				SWIFT_EMIT_LOC_STRINGS = NO;
				SWIFT_VERSION = 5.0;
				TARGETED_DEVICE_FAMILY = "1,2";
				TEST_TARGET_NAME = FlipFlap;
			};
			name = Release;
		};
/* End XCBuildConfiguration section */

/* Begin XCConfigurationList section */
		522FFD9E279D3F0B0069CE13 /* Build configuration list for PBXProject "FlipFlap" */ = {
			isa = XCConfigurationList;
			buildConfigurations = (
				522FFDC5279D3F0D0069CE13 /* Debug */,
				522FFDC6279D3F0D0069CE13 /* Release */,
			);
			defaultConfigurationIsVisible = 0;
			defaultConfigurationName = Release;
		};
		522FFDC7279D3F0D0069CE13 /* Build configuration list for PBXNativeTarget "FlipFlap" */ = {
			isa = XCConfigurationList;
			buildConfigurations = (
				522FFDC8279D3F0D0069CE13 /* Debug */,
				522FFDC9279D3F0D0069CE13 /* Release */,
			);
			defaultConfigurationIsVisible = 0;
			defaultConfigurationName = Release;
		};
		522FFDCA279D3F0D0069CE13 /* Build configuration list for PBXNativeTarget "FlipFlapTests" */ = {
			isa = XCConfigurationList;
			buildConfigurations = (
				522FFDCB279D3F0D0069CE13 /* Debug */,
				522FFDCC279D3F0D0069CE13 /* Release */,
			);
			defaultConfigurationIsVisible = 0;
			defaultConfigurationName = Release;
		};
		522FFDCD279D3F0D0069CE13 /* Build configuration list for PBXNativeTarget "FlipFlapUITests" */ = {
			isa = XCConfigurationList;
			buildConfigurations = (
				522FFDCE279D3F0D0069CE13 /* Debug */,
				522FFDCF279D3F0D0069CE13 /* Release */,
			);
			defaultConfigurationIsVisible = 0;
			defaultConfigurationName = Release;
		};
/* End XCConfigurationList section */
	};
	rootObject = 522FFD9B279D3F0B0069CE13 /* Project object */;
}
